
Microsoft Visual Studio Solution File, Format Version 12.00
# Visual Studio Version 17
VisualStudioVersion = 17.5.33414.496
MinimumVisualStudioVersion = 10.0.40219.1
Project("{FAE04EC0-301F-11D3-BF4B-00C04F79EFBC}") = "PhamChiThanh2011064302", "PhamChiThanh2011064302\PhamChiThanh2011064302.csproj", "{410E4FCC-816A-4909-B590-3166183BCE4A}"
EndProject
Global
	GlobalSection(SolutionConfigurationPlatforms) = preSolution
		Debug|Any CPU = Debug|Any CPU
		Release|Any CPU = Release|Any CPU
	EndGlobalSection
	GlobalSection(ProjectConfigurationPlatforms) = postSolution
		{410E4FCC-816A-4909-B590-3166183BCE4A}.Debug|Any CPU.ActiveCfg = Debug|Any CPU
		{410E4FCC-816A-4909-B590-3166183BCE4A}.Debug|Any CPU.Build.0 = Debug|Any CPU
		{410E4FCC-816A-4909-B590-3166183BCE4A}.Release|Any CPU.ActiveCfg = Release|Any CPU
		{410E4FCC-816A-4909-B590-3166183BCE4A}.Release|Any CPU.Build.0 = Release|Any CPU
	EndGlobalSection
	GlobalSection(SolutionProperties) = preSolution
		HideSolutionNode = FALSE
	EndGlobalSection
	GlobalSection(ExtensibilityGlobals) = postSolution
		SolutionGuid = {4A87840F-E091-4CEA-9BA6-32AE140120B7}
	EndGlobalSection
EndGlobal
